// !$*UTF8*$!
{
	archiveVersion = 1;
	classes = {
	};
	objectVersion = 50;
	objects = {

/* Begin PBXBuildFile section */
		9717174F237DAA74004C621E /* AppDelegate.swift in Sources */ = {isa = PBXBuildFile; fileRef = 9717174E237DAA74004C621E /* AppDelegate.swift */; };
		97171751237DAA74004C621E /* SceneDelegate.swift in Sources */ = {isa = PBXBuildFile; fileRef = 97171750237DAA74004C621E /* SceneDelegate.swift */; };
		97171753237DAA74004C621E /* ViewController.swift in Sources */ = {isa = PBXBuildFile; fileRef = 97171752237DAA74004C621E /* ViewController.swift */; };
		97171756237DAA74004C621E /* Main.storyboard in Resources */ = {isa = PBXBuildFile; fileRef = 97171754237DAA74004C621E /* Main.storyboard */; };
		97171758237DAA76004C621E /* Assets.xcassets in Resources */ = {isa = PBXBuildFile; fileRef = 97171757237DAA76004C621E /* Assets.xcassets */; };
		9717175B237DAA76004C621E /* LaunchScreen.storyboard in Resources */ = {isa = PBXBuildFile; fileRef = 97171759237DAA76004C621E /* LaunchScreen.storyboard */; };
		BCDAD5862385B27900A32BFB /* TableViewController.swift in Sources */ = {isa = PBXBuildFile; fileRef = BCDAD5852385B27900A32BFB /* TableViewController.swift */; };
		BCDAD5882385C2E000A32BFB /* KarlisTableViewCell.swift in Sources */ = {isa = PBXBuildFile; fileRef = BCDAD5872385C2E000A32BFB /* KarlisTableViewCell.swift */; };
/* End PBXBuildFile section */

/* Begin PBXFileReference section */
		9717174B237DAA74004C621E /* AboutUs.app */ = {isa = PBXFileReference; explicitFileType = wrapper.application; includeInIndex = 0; path = AboutUs.app; sourceTree = BUILT_PRODUCTS_DIR; };
		9717174E237DAA74004C621E /* AppDelegate.swift */ = {isa = PBXFileReference; lastKnownFileType = sourcecode.swift; path = AppDelegate.swift; sourceTree = "<group>"; };
		97171750237DAA74004C621E /* SceneDelegate.swift */ = {isa = PBXFileReference; lastKnownFileType = sourcecode.swift; path = SceneDelegate.swift; sourceTree = "<group>"; };
		97171752237DAA74004C621E /* ViewController.swift */ = {isa = PBXFileReference; lastKnownFileType = sourcecode.swift; path = ViewController.swift; sourceTree = "<group>"; };
		97171755237DAA74004C621E /* Base */ = {isa = PBXFileReference; lastKnownFileType = file.storyboard; name = Base; path = Base.lproj/Main.storyboard; sourceTree = "<group>"; };
		97171757237DAA76004C621E /* Assets.xcassets */ = {isa = PBXFileReference; lastKnownFileType = folder.assetcatalog; path = Assets.xcassets; sourceTree = "<group>"; };
		9717175A237DAA76004C621E /* Base */ = {isa = PBXFileReference; lastKnownFileType = file.storyboard; name = Base; path = Base.lproj/LaunchScreen.storyboard; sourceTree = "<group>"; };
		9717175C237DAA76004C621E /* Info.plist */ = {isa = PBXFileReference; lastKnownFileType = text.plist.xml; path = Info.plist; sourceTree = "<group>"; };
		BCDAD5852385B27900A32BFB /* TableViewController.swift */ = {isa = PBXFileReference; lastKnownFileType = sourcecode.swift; path = TableViewController.swift; sourceTree = "<group>"; };
		BCDAD5872385C2E000A32BFB /* KarlisTableViewCell.swift */ = {isa = PBXFileReference; lastKnownFileType = sourcecode.swift; path = KarlisTableViewCell.swift; sourceTree = "<group>"; };
/* End PBXFileReference section */

/* Begin PBXFrameworksBuildPhase section */
		97171748237DAA74004C621E /* Frameworks */ = {
			isa = PBXFrameworksBuildPhase;
			buildActionMask = 2147483647;
			files = (
			);
			runOnlyForDeploymentPostprocessing = 0;
		};
/* End PBXFrameworksBuildPhase section */

/* Begin PBXGroup section */
		97171742237DAA74004C621E = {
			isa = PBXGroup;
			children = (
				9717174D237DAA74004C621E /* AboutUs */,
				9717174C237DAA74004C621E /* Products */,
			);
			sourceTree = "<group>";
		};
		9717174C237DAA74004C621E /* Products */ = {
			isa = PBXGroup;
			children = (
				9717174B237DAA74004C621E /* AboutUs.app */,
			);
			name = Products;
			sourceTree = "<group>";
		};
		9717174D237DAA74004C621E /* AboutUs */ = {
			isa = PBXGroup;
			children = (
				9717174E237DAA74004C621E /* AppDelegate.swift */,
				97171750237DAA74004C621E /* SceneDelegate.swift */,
				BCDAD5872385C2E000A32BFB /* KarlisTableViewCell.swift */,
				97171752237DAA74004C621E /* ViewController.swift */,
				97171754237DAA74004C621E /* Main.storyboard */,
				BCDAD5852385B27900A32BFB /* TableViewController.swift */,
				97171757237DAA76004C621E /* Assets.xcassets */,
				97171759237DAA76004C621E /* LaunchScreen.storyboard */,
				9717175C237DAA76004C621E /* Info.plist */,
			);
			path = AboutUs;
			sourceTree = "<group>";
		};
/* End PBXGroup section */

/* Begin PBXNativeTarget section */
		9717174A237DAA74004C621E /* AboutUs */ = {
			isa = PBXNativeTarget;
			buildConfigurationList = 9717175F237DAA76004C621E /* Build configuration list for PBXNativeTarget "AboutUs" */;
			buildPhases = (
				97171747237DAA74004C621E /* Sources */,
				97171748237DAA74004C621E /* Frameworks */,
				97171749237DAA74004C621E /* Resources */,
			);
			buildRules = (
			);
			dependencies = (
			);
			name = AboutUs;
			productName = AboutUs;
			productReference = 9717174B237DAA74004C621E /* AboutUs.app */;
			productType = "com.apple.product-type.application";
		};
/* End PBXNativeTarget section */

/* Begin PBXProject section */
		97171743237DAA74004C621E /* Project object */ = {
			isa = PBXProject;
			attributes = {
				LastSwiftUpdateCheck = 1120;
				LastUpgradeCheck = 1120;
				ORGANIZATIONNAME = "Didzis Tupureins";
				TargetAttributes = {
					9717174A237DAA74004C621E = {
						CreatedOnToolsVersion = 11.2.1;
					};
				};
			};
			buildConfigurationList = 97171746237DAA74004C621E /* Build configuration list for PBXProject "AboutUs" */;
			compatibilityVersion = "Xcode 9.3";
			developmentRegion = en;
			hasScannedForEncodings = 0;
			knownRegions = (
				en,
				Base,
			);
			mainGroup = 97171742237DAA74004C621E;
			productRefGroup = 9717174C237DAA74004C621E /* Products */;
			projectDirPath = "";
			projectRoot = "";
			targets = (
				9717174A237DAA74004C621E /* AboutUs */,
			);
		};
/* End PBXProject section */

/* Begin PBXResourcesBuildPhase section */
		97171749237DAA74004C621E /* Resources */ = {
			isa = PBXResourcesBuildPhase;
			buildActionMask = 2147483647;
			files = (
				9717175B237DAA76004C621E /* LaunchScreen.storyboard in Resources */,
				97171758237DAA76004C621E /* Assets.xcassets in Resources */,
				97171756237DAA74004C621E /* Main.storyboard in Resources */,
			);
			runOnlyForDeploymentPostprocessing = 0;
		};
/* End PBXResourcesBuildPhase section */

/* Begin PBXSourcesBuildPhase section */
		97171747237DAA74004C621E /* Sources */ = {
			isa = PBXSourcesBuildPhase;
			buildActionMask = 2147483647;
			files = (
				BCDAD5882385C2E000A32BFB /* KarlisTableViewCell.swift in Sources */,
				97171753237DAA74004C621E /* ViewController.swift in Sources */,
				9717174F237DAA74004C621E /* AppDelegate.swift in Sources */,
				97171751237DAA74004C621E /* SceneDelegate.swift in Sources */,
				BCDAD5862385B27900A32BFB /* TableViewController.swift in Sources */,
			);
			runOnlyForDeploymentPostprocessing = 0;
		};
/* End PBXSourcesBuildPhase section */

/* Begin PBXVariantGroup section */
		97171754237DAA74004C621E /* Main.storyboard */ = {
			isa = PBXVariantGroup;
			children = (
				97171755237DAA74004C621E /* Base */,
			);
			name = Main.storyboard;
			sourceTree = "<group>";
		};
		97171759237DAA76004C621E /* LaunchScreen.storyboard */ = {
			isa = PBXVariantGroup;
			children = (
				9717175A237DAA76004C621E /* Base */,
			);
			name = LaunchScreen.storyboard;
			sourceTree = "<group>";
		};
/* End PBXVariantGroup section */

/* Begin XCBuildConfiguration section */
		9717175D237DAA76004C621E /* Debug */ = {
			isa = XCBuildConfiguration;
			buildSettings = {
				ALWAYS_SEARCH_USER_PATHS = NO;
				CLANG_ANALYZER_NONNULL = YES;
				CLANG_ANALYZER_NUMBER_OBJECT_CONVERSION = YES_AGGRESSIVE;
				CLANG_CXX_LANGUAGE_STANDARD = "gnu++14";
				CLANG_CXX_LIBRARY = "libc++";
				CLANG_ENABLE_MODULES = YES;
				CLANG_ENABLE_OBJC_ARC = YES;
				CLANG_ENABLE_OBJC_WEAK = YES;
				CLANG_WARN_BLOCK_CAPTURE_AUTORELEASING = YES;
				CLANG_WARN_BOOL_CONVERSION = YES;
				CLANG_WARN_COMMA = YES;
				CLANG_WARN_CONSTANT_CONVERSION = YES;
				CLANG_WARN_DEPRECATED_OBJC_IMPLEMENTATIONS = YES;
				CLANG_WARN_DIRECT_OBJC_ISA_USAGE = YES_ERROR;
				CLANG_WARN_DOCUMENTATION_COMMENTS = YES;
				CLANG_WARN_EMPTY_BODY = YES;
				CLANG_WARN_ENUM_CONVERSION = YES;
				CLANG_WARN_INFINITE_RECURSION = YES;
				CLANG_WARN_INT_CONVERSION = YES;
				CLANG_WARN_NON_LITERAL_NULL_CONVERSION = YES;
				CLANG_WARN_OBJC_IMPLICIT_RETAIN_SELF = YES;
				CLANG_WARN_OBJC_LITERAL_CONVERSION = YES;
				CLANG_WARN_OBJC_ROOT_CLASS = YES_ERROR;
				CLANG_WARN_RANGE_LOOP_ANALYSIS = YES;
				CLANG_WARN_STRICT_PROTOTYPES = YES;
				CLANG_WARN_SUSPICIOUS_MOVE = YES;
				CLANG_WARN_UNGUARDED_AVAILABILITY = YES_AGGRESSIVE;
				CLANG_WARN_UNREACHABLE_CODE = YES;
				CLANG_WARN__DUPLICATE_METHOD_MATCH = YES;
				COPY_PHASE_STRIP = NO;
				DEBUG_INFORMATION_FORMAT = dwarf;
				ENABLE_STRICT_OBJC_MSGSEND = YES;
				ENABLE_TESTABILITY = YES;
				GCC_C_LANGUAGE_STANDARD = gnu11;
				GCC_DYNAMIC_NO_PIC = NO;
				GCC_NO_COMMON_BLOCKS = YES;
				GCC_OPTIMIZATION_LEVEL = 0;
				GCC_PREPROCESSOR_DEFINITIONS = (
					"DEBUG=1",
					"$(inherited)",
				);
				GCC_WARN_64_TO_32_BIT_CONVERSION = YES;
				GCC_WARN_ABOUT_RETURN_TYPE = YES_ERROR;
				GCC_WARN_UNDECLARED_SELECTOR = YES;
				GCC_WARN_UNINITIALIZED_AUTOS = YES_AGGRESSIVE;
				GCC_WARN_UNUSED_FUNCTION = YES;
				GCC_WARN_UNUSED_VARIABLE = YES;
				IPHONEOS_DEPLOYMENT_TARGET = 13.2;
				MTL_ENABLE_DEBUG_INFO = INCLUDE_SOURCE;
				MTL_FAST_MATH = YES;
				ONLY_ACTIVE_ARCH = YES;
				SDKROOT = iphoneos;
				SWIFT_ACTIVE_COMPILATION_CONDITIONS = DEBUG;
				SWIFT_OPTIMIZATION_LEVEL = "-Onone";
			};
			name = Debug;
		};
		9717175E237DAA76004C621E /* Release */ = {
			isa = XCBuildConfiguration;
			buildSettings = {
				ALWAYS_SEARCH_USER_PATHS = NO;
				CLANG_ANALYZER_NONNULL = YES;
				CLANG_ANALYZER_NUMBER_OBJECT_CONVERSION = YES_AGGRESSIVE;
				CLANG_CXX_LANGUAGE_STANDARD = "gnu++14";
				CLANG_CXX_LIBRARY = "libc++";
				CLANG_ENABLE_MODULES = YES;
				CLANG_ENABLE_OBJC_ARC = YES;
				CLANG_ENABLE_OBJC_WEAK = YES;
				CLANG_WARN_BLOCK_CAPTURE_AUTORELEASING = YES;
				CLANG_WARN_BOOL_CONVERSION = YES;
				CLANG_WARN_COMMA = YES;
				CLANG_WARN_CONSTANT_CONVERSION = YES;
				CLANG_WARN_DEPRECATED_OBJC_IMPLEMENTATIONS = YES;
				CLANG_WARN_DIRECT_OBJC_ISA_USAGE = YES_ERROR;
				CLANG_WARN_DOCUMENTATION_COMMENTS = YES;
				CLANG_WARN_EMPTY_BODY = YES;
				CLANG_WARN_ENUM_CONVERSION = YES;
				CLANG_WARN_INFINITE_RECURSION = YES;
				CLANG_WARN_INT_CONVERSION = YES;
				CLANG_WARN_NON_LITERAL_NULL_CONVERSION = YES;
				CLANG_WARN_OBJC_IMPLICIT_RETAIN_SELF = YES;
				CLANG_WARN_OBJC_LITERAL_CONVERSION = YES;
				CLANG_WARN_OBJC_ROOT_CLASS = YES_ERROR;
				CLANG_WARN_RANGE_LOOP_ANALYSIS = YES;
				CLANG_WARN_STRICT_PROTOTYPES = YES;
				CLANG_WARN_SUSPICIOUS_MOVE = YES;
				CLANG_WARN_UNGUARDED_AVAILABILITY = YES_AGGRESSIVE;
				CLANG_WARN_UNREACHABLE_CODE = YES;
				CLANG_WARN__DUPLICATE_METHOD_MATCH = YES;
				COPY_PHASE_STRIP = NO;
				DEBUG_INFORMATION_FORMAT = "dwarf-with-dsym";
				ENABLE_NS_ASSERTIONS = NO;
				ENABLE_STRICT_OBJC_MSGSEND = YES;
				GCC_C_LANGUAGE_STANDARD = gnu11;
				GCC_NO_COMMON_BLOCKS = YES;
				GCC_WARN_64_TO_32_BIT_CONVERSION = YES;
				GCC_WARN_ABOUT_RETURN_TYPE = YES_ERROR;
				GCC_WARN_UNDECLARED_SELECTOR = YES;
				GCC_WARN_UNINITIALIZED_AUTOS = YES_AGGRESSIVE;
				GCC_WARN_UNUSED_FUNCTION = YES;
				GCC_WARN_UNUSED_VARIABLE = YES;
				IPHONEOS_DEPLOYMENT_TARGET = 13.2;
				MTL_ENABLE_DEBUG_INFO = NO;
				MTL_FAST_MATH = YES;
				SDKROOT = iphoneos;
				SWIFT_COMPILATION_MODE = wholemodule;
				SWIFT_OPTIMIZATION_LEVEL = "-O";
				VALIDATE_PRODUCT = YES;
			};
			name = Release;
		};
		97171760237DAA76004C621E /* Debug */ = {
			isa = XCBuildConfiguration;
			buildSettings = {
				ASSETCATALOG_COMPILER_APPICON_NAME = AppIcon;
				CODE_SIGN_STYLE = Automatic;
				DEVELOPMENT_TEAM = 44YQUZU3UG;
				INFOPLIST_FILE = AboutUs/Info.plist;
				LD_RUNPATH_SEARCH_PATHS = (
					"$(inherited)",
					"@executable_path/Frameworks",
				);
				PRODUCT_BUNDLE_IDENTIFIER = "Riga-Coding-School.AboutUs";
				PRODUCT_NAME = "$(TARGET_NAME)";
				SWIFT_VERSION = 5.0;
				TARGETED_DEVICE_FAMILY = "1,2";
			};
			name = Debug;
		};
		97171761237DAA76004C621E /* Release */ = {
			isa = XCBuildConfiguration;
			buildSettings = {
				ASSETCATALOG_COMPILER_APPICON_NAME = AppIcon;
				CODE_SIGN_STYLE = Automatic;
				DEVELOPMENT_TEAM = 44YQUZU3UG;
				INFOPLIST_FILE = AboutUs/Info.plist;
				LD_RUNPATH_SEARCH_PATHS = (
					"$(inherited)",
					"@executable_path/Frameworks",
				);
				PRODUCT_BUNDLE_IDENTIFIER = "Riga-Coding-School.AboutUs";
				PRODUCT_NAME = "$(TARGET_NAME)";
				SWIFT_VERSION = 5.0;
				TARGETED_DEVICE_FAMILY = "1,2";
			};
			name = Release;
		};
/* End XCBuildConfiguration section */

/* Begin XCConfigurationList section */
		97171746237DAA74004C621E /* Build configuration list for PBXProject "AboutUs" */ = {
			isa = XCConfigurationList;
			buildConfigurations = (
				9717175D237DAA76004C621E /* Debug */,
				9717175E237DAA76004C621E /* Release */,
			);
			defaultConfigurationIsVisible = 0;
			defaultConfigurationName = Release;
		};
		9717175F237DAA76004C621E /* Build configuration list for PBXNativeTarget "AboutUs" */ = {
			isa = XCConfigurationList;
			buildConfigurations = (
				97171760237DAA76004C621E /* Debug */,
				97171761237DAA76004C621E /* Release */,
			);
			defaultConfigurationIsVisible = 0;
			defaultConfigurationName = Release;
		};
/* End XCConfigurationList section */
	};
	rootObject = 97171743237DAA74004C621E /* Project object */;
}
